
Microsoft Visual Studio Solution File, Format Version 12.00
# Visual Studio Version 16
VisualStudioVersion = 16.0.30413.136
MinimumVisualStudioVersion = 10.0.40219.1
Project("{FAE04EC0-301F-11D3-BF4B-00C04F79EFBC}") = "Quinto", "Quinto\Quinto.csproj", "{6B02879E-0ED7-477A-9F21-5A4D4D5124ED}"
EndProject
Project("{9A19103F-16F7-4668-BE54-9A1E7A4F7556}") = "serializejson", "serializejson\serializejson\serializejson.csproj", "{85765874-13B4-4739-B0B6-D7FD7E75C2CC}"
EndProject
Global
	GlobalSection(SolutionConfigurationPlatforms) = preSolution
		Debug|Any CPU = Debug|Any CPU
		Release|Any CPU = Release|Any CPU
	EndGlobalSection
	GlobalSection(ProjectConfigurationPlatforms) = postSolution
		{6B02879E-0ED7-477A-9F21-5A4D4D5124ED}.Debug|Any CPU.ActiveCfg = Debug|Any CPU
		{6B02879E-0ED7-477A-9F21-5A4D4D5124ED}.Debug|Any CPU.Build.0 = Debug|Any CPU
		{6B02879E-0ED7-477A-9F21-5A4D4D5124ED}.Release|Any CPU.ActiveCfg = Release|Any CPU
		{6B02879E-0ED7-477A-9F21-5A4D4D5124ED}.Release|Any CPU.Build.0 = Release|Any CPU
		{85765874-13B4-4739-B0B6-D7FD7E75C2CC}.Debug|Any CPU.ActiveCfg = Debug|Any CPU
		{85765874-13B4-4739-B0B6-D7FD7E75C2CC}.Debug|Any CPU.Build.0 = Debug|Any CPU
		{85765874-13B4-4739-B0B6-D7FD7E75C2CC}.Release|Any CPU.ActiveCfg = Release|Any CPU
		{85765874-13B4-4739-B0B6-D7FD7E75C2CC}.Release|Any CPU.Build.0 = Release|Any CPU
	EndGlobalSection
	GlobalSection(SolutionProperties) = preSolution
		HideSolutionNode = FALSE
	EndGlobalSection
	GlobalSection(ExtensibilityGlobals) = postSolution
		SolutionGuid = {85DF87D5-433E-4D73-B53F-530445176A74}
	EndGlobalSection
EndGlobal
